
Microsoft Visual Studio Solution File, Format Version 12.00
# Visual Studio Version 16
VisualStudioVersion = 16.0.30804.86
MinimumVisualStudioVersion = 10.0.40219.1
Project("{FAE04EC0-301F-11D3-BF4B-00C04F79EFBC}") = "WindowsFormsApp1", "WindowsFormsApp1.csproj", "{A639CFF1-FDFC-4737-B351-691138D170CA}"
EndProject
Global
	GlobalSection(SolutionConfigurationPlatforms) = preSolution
		Debug|Any CPU = Debug|Any CPU
		Release|Any CPU = Release|Any CPU
	EndGlobalSection
	GlobalSection(ProjectConfigurationPlatforms) = postSolution
		{A639CFF1-FDFC-4737-B351-691138D170CA}.Debug|Any CPU.ActiveCfg = Debug|Any CPU
		{A639CFF1-FDFC-4737-B351-691138D170CA}.Debug|Any CPU.Build.0 = Debug|Any CPU
		{A639CFF1-FDFC-4737-B351-691138D170CA}.Release|Any CPU.ActiveCfg = Release|Any CPU
		{A639CFF1-FDFC-4737-B351-691138D170CA}.Release|Any CPU.Build.0 = Release|Any CPU
	EndGlobalSection
	GlobalSection(SolutionProperties) = preSolution
		HideSolutionNode = FALSE
	EndGlobalSection
	GlobalSection(ExtensibilityGlobals) = postSolution
		SolutionGuid = {C2155A10-8D46-41F6-8E34-124E8D33E0E7}
	EndGlobalSection
EndGlobal
